{
    "name": "moneyforward_scraping",
    "version": "1.0.0",
    "lockfileVersion": 1,
    "requires": true,
    "dependencies": {
        "@types/node": {
            "version": "15.12.2",
            "resolved": "https://registry.npmjs.org/@types/node/-/node-15.12.2.tgz",
            "integrity": "sha512-zjQ69G564OCIWIOHSXyQEEDpdpGl+G348RAKY0XXy9Z5kU9Vzv1GMNnkar/ZJ8dzXB3COzD9Mo9NtRZ4xfgUww==",
            "dev": true
        },
        "@types/puppeteer": {
            "version": "5.4.3",
            "resolved": "https://registry.npmjs.org/@types/puppeteer/-/puppeteer-5.4.3.tgz",
            "integrity": "sha512-3nE8YgR9DIsgttLW+eJf6mnXxq8Ge+27m5SU3knWmrlfl6+KOG0Bf9f7Ua7K+C4BnaTMAh3/UpySqdAYvrsvjg==",
            "dev": true,
            "requires": {
                "@types/node": "*"
            }
        },
        "typescript": {
            "version": "4.3.2",
            "resolved": "https://registry.npmjs.org/typescript/-/typescript-4.3.2.tgz",
            "integrity": "sha512-zZ4hShnmnoVnAHpVHWpTcxdv7dWP60S2FsydQLV8V5PbS3FifjWFFRiHSWpDJahly88PRyV5teTSLoq4eG7mKw==",
            "dev": true
        }
    }
}
